# This file was autogenerated by Stack.
# You should not edit this file by hand.
# For more information, please see the documentation at:
#   https://docs.haskellstack.org/en/stable/lock_files

snapshots:
- original:
    url: https://raw.githubusercontent.com/commercialhaskell/stackage-snapshots/master/lts/17/7.yaml
  completed:
    sha256: 1b5e4124989399e60e7a7901f0cefd910beea546131fb07a13a7208c4cc8b7ee
    url: https://raw.githubusercontent.com/commercialhaskell/stackage-snapshots/master/lts/17/7.yaml
    size: 565715
packages:
- original:
    hackage: xmobar-0.37@sha256:42cfb68788901364a1b4ddfdc213106e18851dda2575420e532ee31c4cce4e51,12020
  completed:
    pantry-tree:
      sha256: b110f67f00fdb59cd2a1988937eda1934889c3ba71d03823011df48791175ee5
      size: 6479
    hackage: xmobar-0.37@sha256:42cfb68788901364a1b4ddfdc213106e18851dda2575420e532ee31c4cce4e51,12020
